# This file is autogenerated, do not edit; changes may be undone by the next 'dep ensure'.


[[projects]]
  digest = "1:30cfe9b426a3735fb27a0aa8dde3ba3879871dc8ca89c0d433f35e93881816a3"
  name = "github.com/Azure/azure-sdk-for-go"
  packages = [
    "services/authorization/mgmt/2015-07-01/authorization",
    "services/containerinstance/mgmt/2018-10-01/containerinstance",
    "services/msi/mgmt/2018-11-30/msi",
    "services/resources/mgmt/2015-11-01/subscriptions",
    "services/resources/mgmt/2017-05-10/resources",
    "version",
  ]
  pruneopts = "UT"
  revision = "088b4d484d58bba14d62f1de59a49272aecf7845"
  version = "v33.4.0"

[[projects]]
  digest = "1:8343100c9215ddd05bd708323e4821e3ff3206fe44f3ebd2777fda1eb0246ed7"
  name = "github.com/Azure/go-autorest"
  packages = [
    "autorest",
    "autorest/adal",
    "autorest/azure",
    "autorest/azure/auth",
    "autorest/azure/cli",
    "autorest/date",
    "autorest/to",
    "autorest/validation",
    "logger",
    "tracing",
  ]
  pruneopts = "UT"
  revision = "69b4126ece6b5257e2f9b0017007d2334153655f"
  version = "v13.0.1"

[[projects]]
  digest = "1:d37f34e1e231ee4b8657d1b6153e2696b1d7341850f648f5d78151d3bc1f677b"
  name = "github.com/Masterminds/semver"
  packages = ["."]
  pruneopts = "UT"
  revision = "fe7c21038085e01e67044ec1efe3afb1eaa59f75"
  version = "v3.0.1"

[[projects]]
  digest = "1:ffe9824d294da03b391f44e1ae8281281b4afc1bdaa9588c9097785e3af10cec"
  name = "github.com/davecgh/go-spew"
  packages = ["spew"]
  pruneopts = "UT"
  revision = "8991bc29aa16c548c550c7ff78260e27b9ab7c73"
  version = "v1.1.1"

[[projects]]
  branch = "command_outputs"
  digest = "1:d81582685fa8910b0dcd46290bcb37917b72a04454f347998fc4faab4b2d7efd"
  name = "github.com/deislabs/cnab-go"
  packages = [
    "bundle",
    "bundle/definition",
    "driver",
  ]
  pruneopts = "UT"
  revision = "90fa7d9156b34ebe53edf8f3635a2460a83de6a0"
  source = "github.com/simongdavies/cnab-go"

[[projects]]
  digest = "1:76dc72490af7174349349838f2fe118996381b31ea83243812a97e5a0fd5ed55"
  name = "github.com/dgrijalva/jwt-go"
  packages = ["."]
  pruneopts = "UT"
  revision = "06ea1031745cb8b3dab3f6a236daf2b0aa468b7e"
  version = "v3.2.0"

[[projects]]
  digest = "1:cf0d2e435fd4ce45b789e93ef24b5f08e86be0e9807a16beb3694e2d8c9af965"
  name = "github.com/dimchansky/utfbom"
  packages = ["."]
  pruneopts = "UT"
  revision = "d2133a1ce379ef6fa992b0514a77146c60db9d1c"
  version = "v1.1.0"

[[projects]]
  digest = "1:4ddc17aeaa82cb18c5f0a25d7c253a10682f518f4b2558a82869506eec223d76"
  name = "github.com/docker/distribution"
  packages = [
    "digestset",
    "reference",
  ]
  pruneopts = "UT"
  revision = "2461543d988979529609e8cb6fca9ca190dc48da"
  version = "v2.7.1"

[[projects]]
  digest = "1:44fd27d0559326eb63ee0b7b5c80832c821761ff6d1b9cc4ad075783485a5837"
  name = "github.com/docker/go"
  packages = ["canonical/json"]
  pruneopts = "UT"
  revision = "62e5ec7cf43f795986ec658df7cb317255772993"
  version = "v1.5.1-1"

[[projects]]
  digest = "1:582b704bebaa06b48c29b0cec224a6058a09c86883aaddabde889cd1a5f73e1b"
  name = "github.com/google/uuid"
  packages = ["."]
  pruneopts = "UT"
  revision = "0cd6bf5da1e1c83f8b45653022c74f71af0538a4"
  version = "v1.1.1"

[[projects]]
  digest = "1:870d441fe217b8e689d7949fef6e43efbc787e50f200cb1e70dbca9204a1d6be"
  name = "github.com/inconshreveable/mousetrap"
  packages = ["."]
  pruneopts = "UT"
  revision = "76626ae9c91c4f2a10f34cad8ce83ea42c93bb75"
  version = "v1.0"

[[projects]]
  digest = "1:31e761d97c76151dde79e9d28964a812c46efc5baee4085b86f68f0c654450de"
  name = "github.com/konsorten/go-windows-terminal-sequences"
  packages = ["."]
  pruneopts = "UT"
  revision = "f55edac94c9bbba5d6182a4be46d86a2c9b5b50e"
  version = "v1.0.2"

[[projects]]
  digest = "1:5d231480e1c64a726869bc4142d270184c419749d34f167646baa21008eb0a79"
  name = "github.com/mitchellh/go-homedir"
  packages = ["."]
  pruneopts = "UT"
  revision = "af06845cf3004701891bf4fdb884bfe4920b3727"
  version = "v1.1.0"

[[projects]]
  digest = "1:ee4d4af67d93cc7644157882329023ce9a7bcfce956a079069a9405521c7cc8d"
  name = "github.com/opencontainers/go-digest"
  packages = ["."]
  pruneopts = "UT"
  revision = "279bed98673dd5bef374d3b6e4b09e2af76183bf"
  version = "v1.0.0-rc1"

[[projects]]
  digest = "1:cf31692c14422fa27c83a05292eb5cbe0fb2775972e8f1f8446a71549bd8980b"
  name = "github.com/pkg/errors"
  packages = ["."]
  pruneopts = "UT"
  revision = "ba968bfe8b2f7e042a574c888954fccecfa385b4"
  version = "v0.8.1"

[[projects]]
  digest = "1:0028cb19b2e4c3112225cd871870f2d9cf49b9b4276531f03438a88e94be86fe"
  name = "github.com/pmezard/go-difflib"
  packages = ["difflib"]
  pruneopts = "UT"
  revision = "792786c7400a136282c1664665ae0a8db921c6c2"
  version = "v1.0.0"

[[projects]]
  digest = "1:d235e49bf6cae4fe6a794352b5e74656f9e3c15b1f6b097b0382865414110e2e"
  name = "github.com/qri-io/jsonpointer"
  packages = ["."]
  pruneopts = "UT"
  revision = "43be820608971e680b60469cfc7cc0e2e75fd4ef"
  version = "v0.1.0"

[[projects]]
  digest = "1:86a61771e3006eeb78ab8a7942c3a9dbae1aca96ab48df505357a6a93f7bc3fa"
  name = "github.com/qri-io/jsonschema"
  packages = ["."]
  pruneopts = "UT"
  revision = "b244d4b99401d163bd9e382fd58698794259d091"
  version = "v0.1.1"

[[projects]]
  digest = "1:274f67cb6fed9588ea2521ecdac05a6d62a8c51c074c1fccc6a49a40ba80e925"
  name = "github.com/satori/go.uuid"
  packages = ["."]
  pruneopts = "UT"
  revision = "f58768cc1a7a7e77a3bd49e98cdd21419399b6a3"
  version = "v1.2.0"

[[projects]]
  digest = "1:04457f9f6f3ffc5fea48e71d62f2ca256637dee0a04d710288e27e05c8b41976"
  name = "github.com/sirupsen/logrus"
  packages = ["."]
  pruneopts = "UT"
  revision = "839c75faf7f98a33d445d181f3018b5c3409a45e"
  version = "v1.4.2"

[[projects]]
  digest = "1:e096613fb7cf34743d49af87d197663cfccd61876e2219853005a57baedfa562"
  name = "github.com/spf13/cobra"
  packages = ["."]
  pruneopts = "UT"
  revision = "f2b07da1e2c38d5f12845a4f607e2e1018cbb1f5"
  version = "v0.0.5"

[[projects]]
  digest = "1:524b71991fc7d9246cc7dc2d9e0886ccb97648091c63e30eef619e6862c955dd"
  name = "github.com/spf13/pflag"
  packages = ["."]
  pruneopts = "UT"
  revision = "2e9d26c8c37aae03e3f9d4e90b7116f5accb7cab"
  version = "v1.0.5"

[[projects]]
  digest = "1:8548c309c65a85933a625be5e7d52b6ac927ca30c56869fae58123b8a77a75e1"
  name = "github.com/stretchr/testify"
  packages = ["assert"]
  pruneopts = "UT"
  revision = "221dbe5ed46703ee255b1da0dec05086f5035f62"
  version = "v1.4.0"

[[projects]]
  branch = "master"
  digest = "1:994c4915a59f821705d08ea77b117ec7a3e6a46cc867fd194d887500dac1c3c2"
  name = "golang.org/x/crypto"
  packages = [
    "pkcs12",
    "pkcs12/internal/rc2",
  ]
  pruneopts = "UT"
  revision = "a832865fa7ada6126f4c6124ac49f71be71bff2a"

[[projects]]
  branch = "master"
  digest = "1:1b90e63244513e8514749f45da58e89350d35cb3e12416ce6ed95f41c2a1f177"
  name = "golang.org/x/sys"
  packages = ["unix"]
  pruneopts = "UT"
  revision = "c990c680b611ac1aeb7d8f2af94a825f98d69720"

[[projects]]
  digest = "1:4d2e5a73dc1500038e504a8d78b986630e3626dc027bc030ba5c75da257cdb96"
  name = "gopkg.in/yaml.v2"
  packages = ["."]
  pruneopts = "UT"
  revision = "51d6538a90f86fe93ac480b35f37b2be17fef232"
  version = "v2.2.2"

[solve-meta]
  analyzer-name = "dep"
  analyzer-version = 1
  input-imports = [
    "github.com/Azure/azure-sdk-for-go/services/authorization/mgmt/2015-07-01/authorization",
    "github.com/Azure/azure-sdk-for-go/services/containerinstance/mgmt/2018-10-01/containerinstance",
    "github.com/Azure/azure-sdk-for-go/services/msi/mgmt/2018-11-30/msi",
    "github.com/Azure/azure-sdk-for-go/services/resources/mgmt/2015-11-01/subscriptions",
    "github.com/Azure/azure-sdk-for-go/services/resources/mgmt/2017-05-10/resources",
    "github.com/Azure/go-autorest/autorest",
    "github.com/Azure/go-autorest/autorest/adal",
    "github.com/Azure/go-autorest/autorest/azure",
    "github.com/Azure/go-autorest/autorest/azure/auth",
    "github.com/Azure/go-autorest/autorest/azure/cli",
    "github.com/Azure/go-autorest/autorest/to",
    "github.com/deislabs/cnab-go/bundle",
    "github.com/deislabs/cnab-go/driver",
    "github.com/docker/distribution/reference",
    "github.com/google/uuid",
    "github.com/sirupsen/logrus",
    "github.com/spf13/cobra",
    "github.com/stretchr/testify/assert",
  ]
  solver-name = "gps-cdcl"
  solver-version = 1
